
Microsoft Visual Studio Solution File, Format Version 12.00
# Visual Studio Version 17
VisualStudioVersion = 17.1.32228.430
MinimumVisualStudioVersion = 10.0.40219.1
Project("{9A19103F-16F7-4668-BE54-9A1E7A4F7556}") = "Logika", "Logika\Logika.csproj", "{11B311FB-80A8-45A3-B95D-D6EAE6EF645F}"
EndProject
Project("{9A19103F-16F7-4668-BE54-9A1E7A4F7556}") = "Widok", "Widok\Widok.csproj", "{06D15636-3228-402B-BDC1-C7A5A9F42AB8}"
EndProject
Project("{9A19103F-16F7-4668-BE54-9A1E7A4F7556}") = "Model", "Model\Model.csproj", "{E47208A9-5FD0-4EAE-978D-BECFEC6DEB5B}"
EndProject
Project("{9A19103F-16F7-4668-BE54-9A1E7A4F7556}") = "Dane", "Dane\Dane.csproj", "{381543F3-6069-4B8D-96BF-C2FD9D892D65}"
EndProject
Project("{9A19103F-16F7-4668-BE54-9A1E7A4F7556}") = "WidokModel", "WidokModel\WidokModel.csproj", "{79F77307-FC9C-49B1-ABC1-8990265D48FA}"
EndProject
Project("{9A19103F-16F7-4668-BE54-9A1E7A4F7556}") = "Test", "ModelTest\Test.csproj", "{2A01716A-034C-4338-8541-279A51901A6C}"
EndProject
Project("{2150E333-8FDC-42A3-9474-1A3956D46DE8}") = "Solution Items", "Solution Items", "{A16DA690-653F-4263-97CE-EB932F734082}"
EndProject
Global
	GlobalSection(SolutionConfigurationPlatforms) = preSolution
		Debug|Any CPU = Debug|Any CPU
		Release|Any CPU = Release|Any CPU
	EndGlobalSection
	GlobalSection(ProjectConfigurationPlatforms) = postSolution
		{11B311FB-80A8-45A3-B95D-D6EAE6EF645F}.Debug|Any CPU.ActiveCfg = Debug|Any CPU
		{11B311FB-80A8-45A3-B95D-D6EAE6EF645F}.Debug|Any CPU.Build.0 = Debug|Any CPU
		{11B311FB-80A8-45A3-B95D-D6EAE6EF645F}.Release|Any CPU.ActiveCfg = Release|Any CPU
		{11B311FB-80A8-45A3-B95D-D6EAE6EF645F}.Release|Any CPU.Build.0 = Release|Any CPU
		{06D15636-3228-402B-BDC1-C7A5A9F42AB8}.Debug|Any CPU.ActiveCfg = Debug|Any CPU
		{06D15636-3228-402B-BDC1-C7A5A9F42AB8}.Debug|Any CPU.Build.0 = Debug|Any CPU
		{06D15636-3228-402B-BDC1-C7A5A9F42AB8}.Release|Any CPU.ActiveCfg = Release|Any CPU
		{06D15636-3228-402B-BDC1-C7A5A9F42AB8}.Release|Any CPU.Build.0 = Release|Any CPU
		{E47208A9-5FD0-4EAE-978D-BECFEC6DEB5B}.Debug|Any CPU.ActiveCfg = Debug|Any CPU
		{E47208A9-5FD0-4EAE-978D-BECFEC6DEB5B}.Debug|Any CPU.Build.0 = Debug|Any CPU
		{E47208A9-5FD0-4EAE-978D-BECFEC6DEB5B}.Release|Any CPU.ActiveCfg = Release|Any CPU
		{E47208A9-5FD0-4EAE-978D-BECFEC6DEB5B}.Release|Any CPU.Build.0 = Release|Any CPU
		{381543F3-6069-4B8D-96BF-C2FD9D892D65}.Debug|Any CPU.ActiveCfg = Debug|Any CPU
		{381543F3-6069-4B8D-96BF-C2FD9D892D65}.Debug|Any CPU.Build.0 = Debug|Any CPU
		{381543F3-6069-4B8D-96BF-C2FD9D892D65}.Release|Any CPU.ActiveCfg = Release|Any CPU
		{381543F3-6069-4B8D-96BF-C2FD9D892D65}.Release|Any CPU.Build.0 = Release|Any CPU
		{79F77307-FC9C-49B1-ABC1-8990265D48FA}.Debug|Any CPU.ActiveCfg = Debug|Any CPU
		{79F77307-FC9C-49B1-ABC1-8990265D48FA}.Debug|Any CPU.Build.0 = Debug|Any CPU
		{79F77307-FC9C-49B1-ABC1-8990265D48FA}.Release|Any CPU.ActiveCfg = Release|Any CPU
		{79F77307-FC9C-49B1-ABC1-8990265D48FA}.Release|Any CPU.Build.0 = Release|Any CPU
		{2A01716A-034C-4338-8541-279A51901A6C}.Debug|Any CPU.ActiveCfg = Debug|Any CPU
		{2A01716A-034C-4338-8541-279A51901A6C}.Debug|Any CPU.Build.0 = Debug|Any CPU
		{2A01716A-034C-4338-8541-279A51901A6C}.Release|Any CPU.ActiveCfg = Release|Any CPU
		{2A01716A-034C-4338-8541-279A51901A6C}.Release|Any CPU.Build.0 = Release|Any CPU
	EndGlobalSection
	GlobalSection(SolutionProperties) = preSolution
		HideSolutionNode = FALSE
	EndGlobalSection
	GlobalSection(ExtensibilityGlobals) = postSolution
		SolutionGuid = {2D0A4A1E-CCC4-4E54-83B7-D17D7029FB6E}
	EndGlobalSection
EndGlobal
